
Microsoft Visual Studio Solution File, Format Version 12.00
# Visual Studio Version 17
VisualStudioVersion = 17.3.32901.215
MinimumVisualStudioVersion = 10.0.40219.1
Project("{6EC3EE1D-3C4E-46DD-8F32-0CC8E7565705}") = "Algo.Exam", "Algo.Exam\Algo.Exam.fsproj", "{42C692BE-DC58-45B4-A200-37AD3F660A26}"
EndProject
Project("{6EC3EE1D-3C4E-46DD-8F32-0CC8E7565705}") = "Algo.Exam.Test", "Algo.Exam.Test\Algo.Exam.Test.fsproj", "{C703DBAF-81DC-4FDC-9E9E-31C3D194C68B}"
EndProject
Global
	GlobalSection(SolutionConfigurationPlatforms) = preSolution
		Debug|Any CPU = Debug|Any CPU
		Release|Any CPU = Release|Any CPU
	EndGlobalSection
	GlobalSection(ProjectConfigurationPlatforms) = postSolution
		{42C692BE-DC58-45B4-A200-37AD3F660A26}.Debug|Any CPU.ActiveCfg = Debug|Any CPU
		{42C692BE-DC58-45B4-A200-37AD3F660A26}.Debug|Any CPU.Build.0 = Debug|Any CPU
		{42C692BE-DC58-45B4-A200-37AD3F660A26}.Release|Any CPU.ActiveCfg = Release|Any CPU
		{42C692BE-DC58-45B4-A200-37AD3F660A26}.Release|Any CPU.Build.0 = Release|Any CPU
		{C703DBAF-81DC-4FDC-9E9E-31C3D194C68B}.Debug|Any CPU.ActiveCfg = Debug|Any CPU
		{C703DBAF-81DC-4FDC-9E9E-31C3D194C68B}.Debug|Any CPU.Build.0 = Debug|Any CPU
		{C703DBAF-81DC-4FDC-9E9E-31C3D194C68B}.Release|Any CPU.ActiveCfg = Release|Any CPU
		{C703DBAF-81DC-4FDC-9E9E-31C3D194C68B}.Release|Any CPU.Build.0 = Release|Any CPU
	EndGlobalSection
	GlobalSection(SolutionProperties) = preSolution
		HideSolutionNode = FALSE
	EndGlobalSection
	GlobalSection(ExtensibilityGlobals) = postSolution
		SolutionGuid = {2AD0357E-B0BC-42E5-A3DE-286A191E43C4}
	EndGlobalSection
EndGlobal
